
Microsoft Visual Studio Solution File, Format Version 12.00
# Visual Studio 2013
VisualStudioVersion = 12.0.21005.1
MinimumVisualStudioVersion = 10.0.40219.1
Project("{2150E333-8FDC-42A3-9474-1A3956D46DE8}") = "Library", "Library", "{47E0633D-6E0C-4B2B-87EE-AD355CEBAEC5}"
EndProject
Project("{FAE04EC0-301F-11D3-BF4B-00C04F79EFBC}") = "SRC.Library.Entities", "Library\SRC.Library.Entities\SRC.Library.Entities.csproj", "{B8161203-76E4-4500-92C5-4C98B17B75EF}"
EndProject
Project("{2150E333-8FDC-42A3-9474-1A3956D46DE8}") = "Data", "Data", "{023D4C26-D47B-4E18-9EE7-811F31318BB0}"
EndProject
Project("{FAE04EC0-301F-11D3-BF4B-00C04F79EFBC}") = "SRC.Library.Constants", "Library\SRC.Library.Constants\SRC.Library.Constants.csproj", "{A99B9F74-4E1E-4ED3-96BA-C60963DFF937}"
EndProject
Project("{FAE04EC0-301F-11D3-BF4B-00C04F79EFBC}") = "SRC.Library.Data.Interfaces", "Library\Data\SRC.Library.Data.Interfaces\SRC.Library.Data.Interfaces.csproj", "{49BE302D-3B93-487B-B3A1-5E4A3460BEF4}"
EndProject
Project("{FAE04EC0-301F-11D3-BF4B-00C04F79EFBC}") = "SRC.Library.Data.SqlDao", "Library\Data\SRC.Library.Data.SqlDao\SRC.Library.Data.SqlDao.csproj", "{69420626-41FA-4559-AD2A-D38EB2CF0585}"
EndProject
Project("{2150E333-8FDC-42A3-9474-1A3956D46DE8}") = "Domain", "Domain", "{7DDF8B29-617C-4F80-B22D-9D684E27B8E3}"
EndProject
Project("{2150E333-8FDC-42A3-9474-1A3956D46DE8}") = "Web", "Web", "{04AAD9AD-9630-494B-8F64-ACC621C60CBF}"
EndProject
Project("{2150E333-8FDC-42A3-9474-1A3956D46DE8}") = "WebService", "WebService", "{32386CBF-3B23-4E7E-94DE-024CF73FFF9C}"
EndProject
Project("{2150E333-8FDC-42A3-9474-1A3956D46DE8}") = "WindowsService", "WindowsService", "{1B3C9D1B-A725-4A0E-BE0B-CA9B08D35113}"
EndProject
Project("{FAE04EC0-301F-11D3-BF4B-00C04F79EFBC}") = "SRC.Library.RestClient", "Library\SRC.Library.RestClient\SRC.Library.RestClient.csproj", "{C746F8AE-0A8F-4FAF-A54A-1C96E16AD1A3}"
EndProject
Project("{FAE04EC0-301F-11D3-BF4B-00C04F79EFBC}") = "SRC.Library.Common", "Library\SRC.Library.Common\SRC.Library.Common.csproj", "{13229FE4-C206-4917-8A42-2EA185EF8F86}"
EndProject
Project("{FAE04EC0-301F-11D3-BF4B-00C04F79EFBC}") = "SRC.Library.Data.ElasticDao", "Library\Data\SRC.Library.Data.ElasticDao\SRC.Library.Data.ElasticDao.csproj", "{BFCC2314-0EDA-4C5D-8B40-F958C999EEE3}"
EndProject
Project("{2150E333-8FDC-42A3-9474-1A3956D46DE8}") = "Ioc", "Ioc", "{39BCEC0C-4A94-4215-8906-A7DE41B18D62}"
EndProject
Project("{FAE04EC0-301F-11D3-BF4B-00C04F79EFBC}") = "SRC.Library.Ioc.IocManager", "Library\Ioc\SRC.Library.Ioc.IocManager\SRC.Library.Ioc.IocManager.csproj", "{6C6ACF75-343C-4B62-B131-75FE56C582C8}"
EndProject
Project("{FAE04EC0-301F-11D3-BF4B-00C04F79EFBC}") = "SRC.Library.Ioc.Interceptor", "Library\Ioc\SRC.Library.Ioc.Interceptor\SRC.Library.Ioc.Interceptor.csproj", "{5D948CC9-A8F5-4E80-A665-D01029732FC9}"
EndProject
Project("{FAE04EC0-301F-11D3-BF4B-00C04F79EFBC}") = "SRC.Library.Domain.Facade", "Library\Domain\SRC.Library.Domain.Facade\SRC.Library.Domain.Facade.csproj", "{D8D6EFB7-D1EB-4DF7-9879-752E086A2A89}"
EndProject
Project("{FAE04EC0-301F-11D3-BF4B-00C04F79EFBC}") = "SRC.Library.Domain.Business", "Library\Domain\SRC.Library.Domian.Business\SRC.Library.Domain.Business.csproj", "{739ADE97-68B3-4B60-88BD-0D4D93374333}"
EndProject
Project("{FAE04EC0-301F-11D3-BF4B-00C04F79EFBC}") = "SRC.Library.LogManager", "Library\SRC.Library.LogManager\SRC.Library.LogManager.csproj", "{0D8D367B-1381-462C-8398-FF309F7D270C}"
EndProject
Project("{FAE04EC0-301F-11D3-BF4B-00C04F79EFBC}") = "SRC.WebService.CrmService", "WebService\SRC.WebService.CrmService\SRC.WebService.CrmService.csproj", "{626512DB-31CA-478F-91CF-C7FA3CE3E375}"
EndProject
Project("{FAE04EC0-301F-11D3-BF4B-00C04F79EFBC}") = "SRC.Web.Portal", "Web\SRC.Web.Portal\SRC.Web.Portal.csproj", "{7FD54DA4-71DD-4DDF-A996-AA9EE2B46C59}"
EndProject
Project("{2150E333-8FDC-42A3-9474-1A3956D46DE8}") = "ConsoleApp", "ConsoleApp", "{D7A68D73-42E5-46B8-A373-E573A0E32A56}"
EndProject
Project("{FAE04EC0-301F-11D3-BF4B-00C04F79EFBC}") = "SRC.ConsoleApp.ScheduledJobs", "ConsoleApp\SRC.ConsoleApp.ScheduledJobs\SRC.ConsoleApp.ScheduledJobs.csproj", "{17F7F1A2-E262-42CC-90EC-B29819A4A942}"
EndProject
Project("{FAE04EC0-301F-11D3-BF4B-00C04F79EFBC}") = "SRC.WindowsService.TestService", "WindowsService\SRC.WindowsService.Test\SRC.WindowsService.TestService.csproj", "{0986BBB3-F9CA-4E56-B6FE-A56AB6C67B5A}"
EndProject
Project("{FAE04EC0-301F-11D3-BF4B-00C04F79EFBC}") = "SRC.Library.SmsManager", "Library\SRC.Library.SmsManager\SRC.Library.SmsManager.csproj", "{6E1DDDFB-FD39-407A-8D1B-E2D4D26DA849}"
EndProject
Project("{2150E333-8FDC-42A3-9474-1A3956D46DE8}") = "Plugins", "Plugins", "{087C9F70-2FFB-4354-9832-1AB69A81A309}"
EndProject
Project("{FAE04EC0-301F-11D3-BF4B-00C04F79EFBC}") = "SRC.Plugins.CrmPlugin", "Plugins\SRC.Plugins.CrmPlugin\SRC.Plugins.CrmPlugin.csproj", "{C74EF597-ACDA-4720-BB2D-2D89F4F7C895}"
EndProject
Project("{FAE04EC0-301F-11D3-BF4B-00C04F79EFBC}") = "SRC.ConsoleApp.Test", "ConsoleApp\SRC.ConsoleApp.Test\SRC.ConsoleApp.Test.csproj", "{F4D6E343-8211-435F-A032-DE1DCFC3287A}"
EndProject
Global
	GlobalSection(SolutionConfigurationPlatforms) = preSolution
		Debug|Any CPU = Debug|Any CPU
		Release|Any CPU = Release|Any CPU
	EndGlobalSection
	GlobalSection(ProjectConfigurationPlatforms) = postSolution
		{B8161203-76E4-4500-92C5-4C98B17B75EF}.Debug|Any CPU.ActiveCfg = Debug|Any CPU
		{B8161203-76E4-4500-92C5-4C98B17B75EF}.Debug|Any CPU.Build.0 = Debug|Any CPU
		{B8161203-76E4-4500-92C5-4C98B17B75EF}.Release|Any CPU.ActiveCfg = Release|Any CPU
		{B8161203-76E4-4500-92C5-4C98B17B75EF}.Release|Any CPU.Build.0 = Release|Any CPU
		{A99B9F74-4E1E-4ED3-96BA-C60963DFF937}.Debug|Any CPU.ActiveCfg = Debug|Any CPU
		{A99B9F74-4E1E-4ED3-96BA-C60963DFF937}.Debug|Any CPU.Build.0 = Debug|Any CPU
		{A99B9F74-4E1E-4ED3-96BA-C60963DFF937}.Release|Any CPU.ActiveCfg = Release|Any CPU
		{A99B9F74-4E1E-4ED3-96BA-C60963DFF937}.Release|Any CPU.Build.0 = Release|Any CPU
		{49BE302D-3B93-487B-B3A1-5E4A3460BEF4}.Debug|Any CPU.ActiveCfg = Debug|Any CPU
		{49BE302D-3B93-487B-B3A1-5E4A3460BEF4}.Debug|Any CPU.Build.0 = Debug|Any CPU
		{49BE302D-3B93-487B-B3A1-5E4A3460BEF4}.Release|Any CPU.ActiveCfg = Release|Any CPU
		{49BE302D-3B93-487B-B3A1-5E4A3460BEF4}.Release|Any CPU.Build.0 = Release|Any CPU
		{69420626-41FA-4559-AD2A-D38EB2CF0585}.Debug|Any CPU.ActiveCfg = Debug|Any CPU
		{69420626-41FA-4559-AD2A-D38EB2CF0585}.Debug|Any CPU.Build.0 = Debug|Any CPU
		{69420626-41FA-4559-AD2A-D38EB2CF0585}.Release|Any CPU.ActiveCfg = Release|Any CPU
		{69420626-41FA-4559-AD2A-D38EB2CF0585}.Release|Any CPU.Build.0 = Release|Any CPU
		{C746F8AE-0A8F-4FAF-A54A-1C96E16AD1A3}.Debug|Any CPU.ActiveCfg = Debug|Any CPU
		{C746F8AE-0A8F-4FAF-A54A-1C96E16AD1A3}.Debug|Any CPU.Build.0 = Debug|Any CPU
		{C746F8AE-0A8F-4FAF-A54A-1C96E16AD1A3}.Release|Any CPU.ActiveCfg = Release|Any CPU
		{C746F8AE-0A8F-4FAF-A54A-1C96E16AD1A3}.Release|Any CPU.Build.0 = Release|Any CPU
		{13229FE4-C206-4917-8A42-2EA185EF8F86}.Debug|Any CPU.ActiveCfg = Debug|Any CPU
		{13229FE4-C206-4917-8A42-2EA185EF8F86}.Debug|Any CPU.Build.0 = Debug|Any CPU
		{13229FE4-C206-4917-8A42-2EA185EF8F86}.Release|Any CPU.ActiveCfg = Release|Any CPU
		{13229FE4-C206-4917-8A42-2EA185EF8F86}.Release|Any CPU.Build.0 = Release|Any CPU
		{BFCC2314-0EDA-4C5D-8B40-F958C999EEE3}.Debug|Any CPU.ActiveCfg = Debug|Any CPU
		{BFCC2314-0EDA-4C5D-8B40-F958C999EEE3}.Debug|Any CPU.Build.0 = Debug|Any CPU
		{BFCC2314-0EDA-4C5D-8B40-F958C999EEE3}.Release|Any CPU.ActiveCfg = Release|Any CPU
		{BFCC2314-0EDA-4C5D-8B40-F958C999EEE3}.Release|Any CPU.Build.0 = Release|Any CPU
		{6C6ACF75-343C-4B62-B131-75FE56C582C8}.Debug|Any CPU.ActiveCfg = Debug|Any CPU
		{6C6ACF75-343C-4B62-B131-75FE56C582C8}.Debug|Any CPU.Build.0 = Debug|Any CPU
		{6C6ACF75-343C-4B62-B131-75FE56C582C8}.Release|Any CPU.ActiveCfg = Release|Any CPU
		{6C6ACF75-343C-4B62-B131-75FE56C582C8}.Release|Any CPU.Build.0 = Release|Any CPU
		{5D948CC9-A8F5-4E80-A665-D01029732FC9}.Debug|Any CPU.ActiveCfg = Debug|Any CPU
		{5D948CC9-A8F5-4E80-A665-D01029732FC9}.Debug|Any CPU.Build.0 = Debug|Any CPU
		{5D948CC9-A8F5-4E80-A665-D01029732FC9}.Release|Any CPU.ActiveCfg = Release|Any CPU
		{5D948CC9-A8F5-4E80-A665-D01029732FC9}.Release|Any CPU.Build.0 = Release|Any CPU
		{D8D6EFB7-D1EB-4DF7-9879-752E086A2A89}.Debug|Any CPU.ActiveCfg = Debug|Any CPU
		{D8D6EFB7-D1EB-4DF7-9879-752E086A2A89}.Debug|Any CPU.Build.0 = Debug|Any CPU
		{D8D6EFB7-D1EB-4DF7-9879-752E086A2A89}.Release|Any CPU.ActiveCfg = Release|Any CPU
		{D8D6EFB7-D1EB-4DF7-9879-752E086A2A89}.Release|Any CPU.Build.0 = Release|Any CPU
		{739ADE97-68B3-4B60-88BD-0D4D93374333}.Debug|Any CPU.ActiveCfg = Debug|Any CPU
		{739ADE97-68B3-4B60-88BD-0D4D93374333}.Debug|Any CPU.Build.0 = Debug|Any CPU
		{739ADE97-68B3-4B60-88BD-0D4D93374333}.Release|Any CPU.ActiveCfg = Release|Any CPU
		{739ADE97-68B3-4B60-88BD-0D4D93374333}.Release|Any CPU.Build.0 = Release|Any CPU
		{0D8D367B-1381-462C-8398-FF309F7D270C}.Debug|Any CPU.ActiveCfg = Debug|Any CPU
		{0D8D367B-1381-462C-8398-FF309F7D270C}.Debug|Any CPU.Build.0 = Debug|Any CPU
		{0D8D367B-1381-462C-8398-FF309F7D270C}.Release|Any CPU.ActiveCfg = Release|Any CPU
		{0D8D367B-1381-462C-8398-FF309F7D270C}.Release|Any CPU.Build.0 = Release|Any CPU
		{626512DB-31CA-478F-91CF-C7FA3CE3E375}.Debug|Any CPU.ActiveCfg = Debug|Any CPU
		{626512DB-31CA-478F-91CF-C7FA3CE3E375}.Debug|Any CPU.Build.0 = Debug|Any CPU
		{626512DB-31CA-478F-91CF-C7FA3CE3E375}.Release|Any CPU.ActiveCfg = Release|Any CPU
		{626512DB-31CA-478F-91CF-C7FA3CE3E375}.Release|Any CPU.Build.0 = Release|Any CPU
		{7FD54DA4-71DD-4DDF-A996-AA9EE2B46C59}.Debug|Any CPU.ActiveCfg = Debug|Any CPU
		{7FD54DA4-71DD-4DDF-A996-AA9EE2B46C59}.Debug|Any CPU.Build.0 = Debug|Any CPU
		{7FD54DA4-71DD-4DDF-A996-AA9EE2B46C59}.Release|Any CPU.ActiveCfg = Release|Any CPU
		{7FD54DA4-71DD-4DDF-A996-AA9EE2B46C59}.Release|Any CPU.Build.0 = Release|Any CPU
		{17F7F1A2-E262-42CC-90EC-B29819A4A942}.Debug|Any CPU.ActiveCfg = Debug|Any CPU
		{17F7F1A2-E262-42CC-90EC-B29819A4A942}.Debug|Any CPU.Build.0 = Debug|Any CPU
		{17F7F1A2-E262-42CC-90EC-B29819A4A942}.Release|Any CPU.ActiveCfg = Release|Any CPU
		{17F7F1A2-E262-42CC-90EC-B29819A4A942}.Release|Any CPU.Build.0 = Release|Any CPU
		{0986BBB3-F9CA-4E56-B6FE-A56AB6C67B5A}.Debug|Any CPU.ActiveCfg = Debug|Any CPU
		{0986BBB3-F9CA-4E56-B6FE-A56AB6C67B5A}.Debug|Any CPU.Build.0 = Debug|Any CPU
		{0986BBB3-F9CA-4E56-B6FE-A56AB6C67B5A}.Release|Any CPU.ActiveCfg = Release|Any CPU
		{0986BBB3-F9CA-4E56-B6FE-A56AB6C67B5A}.Release|Any CPU.Build.0 = Release|Any CPU
		{6E1DDDFB-FD39-407A-8D1B-E2D4D26DA849}.Debug|Any CPU.ActiveCfg = Debug|Any CPU
		{6E1DDDFB-FD39-407A-8D1B-E2D4D26DA849}.Debug|Any CPU.Build.0 = Debug|Any CPU
		{6E1DDDFB-FD39-407A-8D1B-E2D4D26DA849}.Release|Any CPU.ActiveCfg = Release|Any CPU
		{6E1DDDFB-FD39-407A-8D1B-E2D4D26DA849}.Release|Any CPU.Build.0 = Release|Any CPU
		{C74EF597-ACDA-4720-BB2D-2D89F4F7C895}.Debug|Any CPU.ActiveCfg = Debug|Any CPU
		{C74EF597-ACDA-4720-BB2D-2D89F4F7C895}.Debug|Any CPU.Build.0 = Debug|Any CPU
		{C74EF597-ACDA-4720-BB2D-2D89F4F7C895}.Release|Any CPU.ActiveCfg = Release|Any CPU
		{C74EF597-ACDA-4720-BB2D-2D89F4F7C895}.Release|Any CPU.Build.0 = Release|Any CPU
		{F4D6E343-8211-435F-A032-DE1DCFC3287A}.Debug|Any CPU.ActiveCfg = Debug|Any CPU
		{F4D6E343-8211-435F-A032-DE1DCFC3287A}.Debug|Any CPU.Build.0 = Debug|Any CPU
		{F4D6E343-8211-435F-A032-DE1DCFC3287A}.Release|Any CPU.ActiveCfg = Release|Any CPU
		{F4D6E343-8211-435F-A032-DE1DCFC3287A}.Release|Any CPU.Build.0 = Release|Any CPU
	EndGlobalSection
	GlobalSection(SolutionProperties) = preSolution
		HideSolutionNode = FALSE
	EndGlobalSection
	GlobalSection(NestedProjects) = preSolution
		{B8161203-76E4-4500-92C5-4C98B17B75EF} = {47E0633D-6E0C-4B2B-87EE-AD355CEBAEC5}
		{023D4C26-D47B-4E18-9EE7-811F31318BB0} = {47E0633D-6E0C-4B2B-87EE-AD355CEBAEC5}
		{A99B9F74-4E1E-4ED3-96BA-C60963DFF937} = {47E0633D-6E0C-4B2B-87EE-AD355CEBAEC5}
		{7DDF8B29-617C-4F80-B22D-9D684E27B8E3} = {47E0633D-6E0C-4B2B-87EE-AD355CEBAEC5}
		{C746F8AE-0A8F-4FAF-A54A-1C96E16AD1A3} = {47E0633D-6E0C-4B2B-87EE-AD355CEBAEC5}
		{13229FE4-C206-4917-8A42-2EA185EF8F86} = {47E0633D-6E0C-4B2B-87EE-AD355CEBAEC5}
		{39BCEC0C-4A94-4215-8906-A7DE41B18D62} = {47E0633D-6E0C-4B2B-87EE-AD355CEBAEC5}
		{0D8D367B-1381-462C-8398-FF309F7D270C} = {47E0633D-6E0C-4B2B-87EE-AD355CEBAEC5}
		{6E1DDDFB-FD39-407A-8D1B-E2D4D26DA849} = {47E0633D-6E0C-4B2B-87EE-AD355CEBAEC5}
		{49BE302D-3B93-487B-B3A1-5E4A3460BEF4} = {023D4C26-D47B-4E18-9EE7-811F31318BB0}
		{69420626-41FA-4559-AD2A-D38EB2CF0585} = {023D4C26-D47B-4E18-9EE7-811F31318BB0}
		{BFCC2314-0EDA-4C5D-8B40-F958C999EEE3} = {023D4C26-D47B-4E18-9EE7-811F31318BB0}
		{D8D6EFB7-D1EB-4DF7-9879-752E086A2A89} = {7DDF8B29-617C-4F80-B22D-9D684E27B8E3}
		{739ADE97-68B3-4B60-88BD-0D4D93374333} = {7DDF8B29-617C-4F80-B22D-9D684E27B8E3}
		{7FD54DA4-71DD-4DDF-A996-AA9EE2B46C59} = {04AAD9AD-9630-494B-8F64-ACC621C60CBF}
		{626512DB-31CA-478F-91CF-C7FA3CE3E375} = {32386CBF-3B23-4E7E-94DE-024CF73FFF9C}
		{0986BBB3-F9CA-4E56-B6FE-A56AB6C67B5A} = {1B3C9D1B-A725-4A0E-BE0B-CA9B08D35113}
		{6C6ACF75-343C-4B62-B131-75FE56C582C8} = {39BCEC0C-4A94-4215-8906-A7DE41B18D62}
		{5D948CC9-A8F5-4E80-A665-D01029732FC9} = {39BCEC0C-4A94-4215-8906-A7DE41B18D62}
		{17F7F1A2-E262-42CC-90EC-B29819A4A942} = {D7A68D73-42E5-46B8-A373-E573A0E32A56}
		{F4D6E343-8211-435F-A032-DE1DCFC3287A} = {D7A68D73-42E5-46B8-A373-E573A0E32A56}
		{C74EF597-ACDA-4720-BB2D-2D89F4F7C895} = {087C9F70-2FFB-4354-9832-1AB69A81A309}
	EndGlobalSection
EndGlobal
